# THIS IS AN AUTOGENERATED FILE. DO NOT EDIT THIS FILE DIRECTLY.
# yarn lockfile v1


"@vertx/core@3.8.3", "@vertx/core@^3.8.3":
  version "3.8.3"
  resolved "https://registry.npm.taobao.org/@vertx/core/download/@vertx/core-3.8.3.tgz#588cc9667b4a60f32354870cd7750421400cf3ac"
  integrity sha1-WIzJZntKYPMjVIcM13UEIUAM86w=

"@vertx/unit@^3.8.3":
  version "3.8.3"
  resolved "https://registry.npm.taobao.org/@vertx/unit/download/@vertx/unit-3.8.3.tgz#08712199a55743102ef02a4c12c1191bace65e51"
  integrity sha1-CHEhmaVXQxAu8CpMEsEZG6zmXlE=
  dependencies:
    "@vertx/core" "3.8.3"

typescript@^3.7.2:
  version "3.7.2"
  resolved "https://registry.npm.taobao.org/typescript/download/typescript-3.7.2.tgz#27e489b95fa5909445e9fef5ee48d81697ad18fb"
  integrity sha1-J+SJuV+lkJRF6f717kjYFpetGPs=
